
Microsoft Visual Studio Solution File, Format Version 12.00
# Visual Studio Version 17
VisualStudioVersion = 17.5.33627.172
MinimumVisualStudioVersion = 10.0.40219.1
Project("{9A19103F-16F7-4668-BE54-9A1E7A4F7556}") = "StockMonitorServiceTest", "Stock\StockServiceTest\StockMonitorServiceTest.csproj", "{539D46B1-BB51-419D-9D56-933BE81E3FD7}"
EndProject
Project("{9A19103F-16F7-4668-BE54-9A1E7A4F7556}") = "MailServiceTest", "Mail\MailServiceTest\MailServiceTest.csproj", "{9BA3CE3B-6270-410C-8673-BC67FBF2E723}"
EndProject
Project("{9A19103F-16F7-4668-BE54-9A1E7A4F7556}") = "MailService", "Mail\MailService\MailService.csproj", "{9116B22E-46B2-457D-932B-A62A80947C77}"
	ProjectSection(ProjectDependencies) = postProject
		{02A67817-8E7F-40F2-9BFD-E3064E99F96B} = {02A67817-8E7F-40F2-9BFD-E3064E99F96B}
	EndProjectSection
EndProject
Project("{9A19103F-16F7-4668-BE54-9A1E7A4F7556}") = "StockMonitorService", "Stock\StockService\StockMonitorService.csproj", "{020EA9EC-65CC-482C-B40B-693E857DAD42}"
EndProject
Project("{9A19103F-16F7-4668-BE54-9A1E7A4F7556}") = "Messaging", "Messaging\Messaging.csproj", "{02A67817-8E7F-40F2-9BFD-E3064E99F96B}"
EndProject
Project("{2150E333-8FDC-42A3-9474-1A3956D46DE8}") = "Solution Items", "Solution Items", "{8768FBCA-866F-45B7-BB9C-254154BA5C9A}"
	ProjectSection(SolutionItems) = preProject
		.editorconfig = .editorconfig
	EndProjectSection
EndProject
Project("{9A19103F-16F7-4668-BE54-9A1E7A4F7556}") = "Common", "Common\Common.csproj", "{2513E3CD-887D-40C5-893F-DD4C1220482C}"
EndProject
Project("{FAE04EC0-301F-11D3-BF4B-00C04F79EFBC}") = "StockAlertService", "StockAlertService\StockAlertService.csproj", "{F4E7A451-8DAE-4041-A2D8-875C29B66DED}"
EndProject
Global
	GlobalSection(SolutionConfigurationPlatforms) = preSolution
		Debug|Any CPU = Debug|Any CPU
		Release|Any CPU = Release|Any CPU
	EndGlobalSection
	GlobalSection(ProjectConfigurationPlatforms) = postSolution
		{539D46B1-BB51-419D-9D56-933BE81E3FD7}.Debug|Any CPU.ActiveCfg = Debug|Any CPU
		{539D46B1-BB51-419D-9D56-933BE81E3FD7}.Debug|Any CPU.Build.0 = Debug|Any CPU
		{539D46B1-BB51-419D-9D56-933BE81E3FD7}.Release|Any CPU.ActiveCfg = Release|Any CPU
		{539D46B1-BB51-419D-9D56-933BE81E3FD7}.Release|Any CPU.Build.0 = Release|Any CPU
		{9BA3CE3B-6270-410C-8673-BC67FBF2E723}.Debug|Any CPU.ActiveCfg = Debug|Any CPU
		{9BA3CE3B-6270-410C-8673-BC67FBF2E723}.Debug|Any CPU.Build.0 = Debug|Any CPU
		{9BA3CE3B-6270-410C-8673-BC67FBF2E723}.Release|Any CPU.ActiveCfg = Release|Any CPU
		{9BA3CE3B-6270-410C-8673-BC67FBF2E723}.Release|Any CPU.Build.0 = Release|Any CPU
		{9116B22E-46B2-457D-932B-A62A80947C77}.Debug|Any CPU.ActiveCfg = Debug|Any CPU
		{9116B22E-46B2-457D-932B-A62A80947C77}.Debug|Any CPU.Build.0 = Debug|Any CPU
		{9116B22E-46B2-457D-932B-A62A80947C77}.Release|Any CPU.ActiveCfg = Release|Any CPU
		{9116B22E-46B2-457D-932B-A62A80947C77}.Release|Any CPU.Build.0 = Release|Any CPU
		{020EA9EC-65CC-482C-B40B-693E857DAD42}.Debug|Any CPU.ActiveCfg = Debug|Any CPU
		{020EA9EC-65CC-482C-B40B-693E857DAD42}.Debug|Any CPU.Build.0 = Debug|Any CPU
		{020EA9EC-65CC-482C-B40B-693E857DAD42}.Release|Any CPU.ActiveCfg = Release|Any CPU
		{020EA9EC-65CC-482C-B40B-693E857DAD42}.Release|Any CPU.Build.0 = Release|Any CPU
		{02A67817-8E7F-40F2-9BFD-E3064E99F96B}.Debug|Any CPU.ActiveCfg = Debug|Any CPU
		{02A67817-8E7F-40F2-9BFD-E3064E99F96B}.Debug|Any CPU.Build.0 = Debug|Any CPU
		{02A67817-8E7F-40F2-9BFD-E3064E99F96B}.Release|Any CPU.ActiveCfg = Release|Any CPU
		{02A67817-8E7F-40F2-9BFD-E3064E99F96B}.Release|Any CPU.Build.0 = Release|Any CPU
		{2513E3CD-887D-40C5-893F-DD4C1220482C}.Debug|Any CPU.ActiveCfg = Debug|Any CPU
		{2513E3CD-887D-40C5-893F-DD4C1220482C}.Debug|Any CPU.Build.0 = Debug|Any CPU
		{2513E3CD-887D-40C5-893F-DD4C1220482C}.Release|Any CPU.ActiveCfg = Release|Any CPU
		{2513E3CD-887D-40C5-893F-DD4C1220482C}.Release|Any CPU.Build.0 = Release|Any CPU
		{F4E7A451-8DAE-4041-A2D8-875C29B66DED}.Debug|Any CPU.ActiveCfg = Debug|Any CPU
		{F4E7A451-8DAE-4041-A2D8-875C29B66DED}.Debug|Any CPU.Build.0 = Debug|Any CPU
		{F4E7A451-8DAE-4041-A2D8-875C29B66DED}.Release|Any CPU.ActiveCfg = Release|Any CPU
		{F4E7A451-8DAE-4041-A2D8-875C29B66DED}.Release|Any CPU.Build.0 = Release|Any CPU
	EndGlobalSection
	GlobalSection(SolutionProperties) = preSolution
		HideSolutionNode = FALSE
	EndGlobalSection
	GlobalSection(ExtensibilityGlobals) = postSolution
		SolutionGuid = {E47A2FA2-06EF-4FDE-927F-F360981D319F}
	EndGlobalSection
EndGlobal
